// !$*UTF8*$!
{
	archiveVersion = 1;
	classes = {
	};
	objectVersion = 77;
	objects = {

/* Begin PBXBuildFile section */
		05DF03EB257852635D79798B /* EditorView.swift in Sources */ = {isa = PBXBuildFile; fileRef = DA6EEF33E1419B243117BEF3 /* EditorView.swift */; };
		6AB7CF7BA616926C431F373A /* MarkdownTextView.swift in Sources */ = {isa = PBXBuildFile; fileRef = 4176951601DECBB710276925 /* MarkdownTextView.swift */; };
		6EA76ACB23A2EE9FA44FE8E8 /* EditorCommands.swift in Sources */ = {isa = PBXBuildFile; fileRef = E8BB9ACA1B029DAEE1EDDF4B /* EditorCommands.swift */; };
		D0D7DB613E9C12C9E82456A6 /* mkdownEditorNativeApp.swift in Sources */ = {isa = PBXBuildFile; fileRef = 32C3550D74078CA6E6AA03FF /* mkdownEditorNativeApp.swift */; };
		DB15B47DB8A26787450AC636 /* MarkdownDocument.swift in Sources */ = {isa = PBXBuildFile; fileRef = 9C8FD8BDD560600431C4B44E /* MarkdownDocument.swift */; };
/* End PBXBuildFile section */

/* Begin PBXFileReference section */
		08CA3EED2EB0C800C19AAD51 /* mkdownEditorNative.app */ = {isa = PBXFileReference; explicitFileType = wrapper.application; includeInIndex = 0; path = mkdownEditorNative.app; sourceTree = BUILT_PRODUCTS_DIR; };
		32C3550D74078CA6E6AA03FF /* mkdownEditorNativeApp.swift */ = {isa = PBXFileReference; lastKnownFileType = sourcecode.swift; path = mkdownEditorNativeApp.swift; sourceTree = "<group>"; };
		4176951601DECBB710276925 /* MarkdownTextView.swift */ = {isa = PBXFileReference; lastKnownFileType = sourcecode.swift; path = MarkdownTextView.swift; sourceTree = "<group>"; };
		9C8FD8BDD560600431C4B44E /* MarkdownDocument.swift */ = {isa = PBXFileReference; lastKnownFileType = sourcecode.swift; path = MarkdownDocument.swift; sourceTree = "<group>"; };
		DA6EEF33E1419B243117BEF3 /* EditorView.swift */ = {isa = PBXFileReference; lastKnownFileType = sourcecode.swift; path = EditorView.swift; sourceTree = "<group>"; };
		E8BB9ACA1B029DAEE1EDDF4B /* EditorCommands.swift */ = {isa = PBXFileReference; lastKnownFileType = sourcecode.swift; path = EditorCommands.swift; sourceTree = "<group>"; };
/* End PBXFileReference section */

/* Begin PBXGroup section */
		54426B63C4381F046778F83F /* Sources */ = {
			isa = PBXGroup;
			children = (
				E8BB9ACA1B029DAEE1EDDF4B /* EditorCommands.swift */,
				DA6EEF33E1419B243117BEF3 /* EditorView.swift */,
				9C8FD8BDD560600431C4B44E /* MarkdownDocument.swift */,
				4176951601DECBB710276925 /* MarkdownTextView.swift */,
				32C3550D74078CA6E6AA03FF /* mkdownEditorNativeApp.swift */,
			);
			path = Sources;
			sourceTree = "<group>";
		};
		ACD3C5C82AD4657453DBD690 /* mkdownEditor */ = {
			isa = PBXGroup;
			children = (
				54426B63C4381F046778F83F /* Sources */,
			);
			path = mkdownEditor;
			sourceTree = "<group>";
		};
		C66F9C0ECE9C26E7DD0AA5CF /* Products */ = {
			isa = PBXGroup;
			children = (
				08CA3EED2EB0C800C19AAD51 /* mkdownEditorNative.app */,
			);
			name = Products;
			sourceTree = "<group>";
		};
		F924B2B98019B5DBED474ECD = {
			isa = PBXGroup;
			children = (
				ACD3C5C82AD4657453DBD690 /* mkdownEditor */,
				C66F9C0ECE9C26E7DD0AA5CF /* Products */,
			);
			sourceTree = "<group>";
		};
/* End PBXGroup section */

/* Begin PBXNativeTarget section */
		63865E90F55FD352994B6681 /* mkdownEditorNative */ = {
			isa = PBXNativeTarget;
			buildConfigurationList = 642D089019BC05A712176A19 /* Build configuration list for PBXNativeTarget "mkdownEditorNative" */;
			buildPhases = (
				7EF4F4B7FBCBB9A0AC7204D2 /* Sources */,
			);
			buildRules = (
			);
			dependencies = (
			);
			name = mkdownEditorNative;
			packageProductDependencies = (
			);
			productName = mkdownEditorNative;
			productReference = 08CA3EED2EB0C800C19AAD51 /* mkdownEditorNative.app */;
			productType = "com.apple.product-type.application";
		};
/* End PBXNativeTarget section */

/* Begin PBXProject section */
		ABB0DCD07047972550BC516A /* Project object */ = {
			isa = PBXProject;
			attributes = {
				BuildIndependentTargetsInParallel = YES;
				LastUpgradeCheck = 1430;
			};
			buildConfigurationList = A7DCD4E58536DC5F4DB4B29D /* Build configuration list for PBXProject "mkdownEditorNative" */;
			developmentRegion = en;
			hasScannedForEncodings = 0;
			knownRegions = (
				Base,
				en,
			);
			mainGroup = F924B2B98019B5DBED474ECD;
			minimizedProjectReferenceProxies = 1;
			preferredProjectObjectVersion = 77;
			productRefGroup = C66F9C0ECE9C26E7DD0AA5CF /* Products */;
			projectDirPath = "";
			projectRoot = "";
			targets = (
				63865E90F55FD352994B6681 /* mkdownEditorNative */,
			);
		};
/* End PBXProject section */

/* Begin PBXSourcesBuildPhase section */
		7EF4F4B7FBCBB9A0AC7204D2 /* Sources */ = {
			isa = PBXSourcesBuildPhase;
			buildActionMask = 2147483647;
			files = (
				6EA76ACB23A2EE9FA44FE8E8 /* EditorCommands.swift in Sources */,
				05DF03EB257852635D79798B /* EditorView.swift in Sources */,
				DB15B47DB8A26787450AC636 /* MarkdownDocument.swift in Sources */,
				6AB7CF7BA616926C431F373A /* MarkdownTextView.swift in Sources */,
				D0D7DB613E9C12C9E82456A6 /* mkdownEditorNativeApp.swift in Sources */,
			);
			runOnlyForDeploymentPostprocessing = 0;
		};
/* End PBXSourcesBuildPhase section */

/* Begin XCBuildConfiguration section */
		0A15BDABBA79C4394CE401A4 /* Debug */ = {
			isa = XCBuildConfiguration;
			buildSettings = {
				ARCHS = arm64;
				ASSETCATALOG_COMPILER_APPICON_NAME = "";
				CODE_SIGN_IDENTITY = "Apple Development";
				CODE_SIGN_STYLE = Automatic;
				COMBINE_HIDPI_IMAGES = YES;
				CURRENT_PROJECT_VERSION = 1;
				DEVELOPMENT_TEAM = 43CZSW544M;
				ENABLE_HARDENED_RUNTIME = YES;
				GENERATE_INFOPLIST_FILE = NO;
				INFOPLIST_FILE = mkdownEditor/Info.plist;
				LD_RUNPATH_SEARCH_PATHS = (
					"$(inherited)",
					"@executable_path/../Frameworks",
				);
				MACOSX_DEPLOYMENT_TARGET = 14.0;
				MARKETING_VERSION = 0.1.0;
				PRODUCT_BUNDLE_IDENTIFIER = com.andrea.mkdowneditor.native;
				PRODUCT_NAME = mkdownEditorNative;
				PROVISIONING_PROFILE_SPECIFIER = "";
				SDKROOT = macosx;
				VALID_ARCHS = arm64;
			};
			name = Debug;
		};
		3D6718AA8A67080B762D002A /* Debug */ = {
			isa = XCBuildConfiguration;
			buildSettings = {
				ALWAYS_SEARCH_USER_PATHS = NO;
				ARCHS = arm64;
				CLANG_ANALYZER_NONNULL = YES;
				CLANG_ANALYZER_NUMBER_OBJECT_CONVERSION = YES_AGGRESSIVE;
				CLANG_CXX_LANGUAGE_STANDARD = "gnu++14";
				CLANG_CXX_LIBRARY = "libc++";
				CLANG_ENABLE_MODULES = YES;
				CLANG_ENABLE_OBJC_ARC = YES;
				CLANG_ENABLE_OBJC_WEAK = YES;
				CLANG_WARN_BLOCK_CAPTURE_AUTORELEASING = YES;
				CLANG_WARN_BOOL_CONVERSION = YES;
				CLANG_WARN_COMMA = YES;
				CLANG_WARN_CONSTANT_CONVERSION = YES;
				CLANG_WARN_DEPRECATED_OBJC_IMPLEMENTATIONS = YES;
				CLANG_WARN_DIRECT_OBJC_ISA_USAGE = YES_ERROR;
				CLANG_WARN_DOCUMENTATION_COMMENTS = YES;
				CLANG_WARN_EMPTY_BODY = YES;
				CLANG_WARN_ENUM_CONVERSION = YES;
				CLANG_WARN_INFINITE_RECURSION = YES;
				CLANG_WARN_INT_CONVERSION = YES;
				CLANG_WARN_NON_LITERAL_NULL_CONVERSION = YES;
				CLANG_WARN_OBJC_IMPLICIT_RETAIN_SELF = YES;
				CLANG_WARN_OBJC_LITERAL_CONVERSION = YES;
				CLANG_WARN_OBJC_ROOT_CLASS = YES_ERROR;
				CLANG_WARN_QUOTED_INCLUDE_IN_FRAMEWORK_HEADER = YES;
				CLANG_WARN_RANGE_LOOP_ANALYSIS = YES;
				CLANG_WARN_STRICT_PROTOTYPES = YES;
				CLANG_WARN_SUSPICIOUS_MOVE = YES;
				CLANG_WARN_UNGUARDED_AVAILABILITY = YES_AGGRESSIVE;
				CLANG_WARN_UNREACHABLE_CODE = YES;
				CLANG_WARN__DUPLICATE_METHOD_MATCH = YES;
				CODE_SIGNING_ALLOWED = NO;
				CODE_SIGN_STYLE = Manual;
				COPY_PHASE_STRIP = NO;
				DEBUG_INFORMATION_FORMAT = dwarf;
				DEVELOPMENT_TEAM = "";
				ENABLE_STRICT_OBJC_MSGSEND = YES;
				ENABLE_TESTABILITY = YES;
				GCC_C_LANGUAGE_STANDARD = gnu11;
				GCC_DYNAMIC_NO_PIC = NO;
				GCC_NO_COMMON_BLOCKS = YES;
				GCC_OPTIMIZATION_LEVEL = 0;
				GCC_PREPROCESSOR_DEFINITIONS = (
					"$(inherited)",
					"DEBUG=1",
				);
				GCC_WARN_64_TO_32_BIT_CONVERSION = YES;
				GCC_WARN_ABOUT_RETURN_TYPE = YES_ERROR;
				GCC_WARN_UNDECLARED_SELECTOR = YES;
				GCC_WARN_UNINITIALIZED_AUTOS = YES_AGGRESSIVE;
				GCC_WARN_UNUSED_FUNCTION = YES;
				GCC_WARN_UNUSED_VARIABLE = YES;
				MACOSX_DEPLOYMENT_TARGET = 14.0;
				MTL_ENABLE_DEBUG_INFO = INCLUDE_SOURCE;
				MTL_FAST_MATH = YES;
				ONLY_ACTIVE_ARCH = YES;
				PRODUCT_NAME = "$(TARGET_NAME)";
				SDKROOT = macosx;
				SUPPORTED_PLATFORMS = macosx;
				SWIFT_ACTIVE_COMPILATION_CONDITIONS = DEBUG;
				SWIFT_OPTIMIZATION_LEVEL = "-Onone";
				SWIFT_VERSION = 6.0;
			};
			name = Debug;
		};
		6D409163466D0AABA12C6FBE /* Release */ = {
			isa = XCBuildConfiguration;
			buildSettings = {
				ARCHS = arm64;
				ASSETCATALOG_COMPILER_APPICON_NAME = "";
				CODE_SIGN_IDENTITY = "Apple Development";
				CODE_SIGN_STYLE = Automatic;
				COMBINE_HIDPI_IMAGES = YES;
				CURRENT_PROJECT_VERSION = 1;
				DEVELOPMENT_TEAM = 43CZSW544M;
				ENABLE_HARDENED_RUNTIME = YES;
				GENERATE_INFOPLIST_FILE = NO;
				INFOPLIST_FILE = mkdownEditor/Info.plist;
				LD_RUNPATH_SEARCH_PATHS = (
					"$(inherited)",
					"@executable_path/../Frameworks",
				);
				MACOSX_DEPLOYMENT_TARGET = 14.0;
				MARKETING_VERSION = 0.1.0;
				PRODUCT_BUNDLE_IDENTIFIER = com.andrea.mkdowneditor.native;
				PRODUCT_NAME = mkdownEditorNative;
				PROVISIONING_PROFILE_SPECIFIER = "";
				SDKROOT = macosx;
				VALID_ARCHS = arm64;
			};
			name = Release;
		};
		CE7BC9F2D5E3D649D72E8FF9 /* Release */ = {
			isa = XCBuildConfiguration;
			buildSettings = {
				ALWAYS_SEARCH_USER_PATHS = NO;
				ARCHS = arm64;
				CLANG_ANALYZER_NONNULL = YES;
				CLANG_ANALYZER_NUMBER_OBJECT_CONVERSION = YES_AGGRESSIVE;
				CLANG_CXX_LANGUAGE_STANDARD = "gnu++14";
				CLANG_CXX_LIBRARY = "libc++";
				CLANG_ENABLE_MODULES = YES;
				CLANG_ENABLE_OBJC_ARC = YES;
				CLANG_ENABLE_OBJC_WEAK = YES;
				CLANG_WARN_BLOCK_CAPTURE_AUTORELEASING = YES;
				CLANG_WARN_BOOL_CONVERSION = YES;
				CLANG_WARN_COMMA = YES;
				CLANG_WARN_CONSTANT_CONVERSION = YES;
				CLANG_WARN_DEPRECATED_OBJC_IMPLEMENTATIONS = YES;
				CLANG_WARN_DIRECT_OBJC_ISA_USAGE = YES_ERROR;
				CLANG_WARN_DOCUMENTATION_COMMENTS = YES;
				CLANG_WARN_EMPTY_BODY = YES;
				CLANG_WARN_ENUM_CONVERSION = YES;
				CLANG_WARN_INFINITE_RECURSION = YES;
				CLANG_WARN_INT_CONVERSION = YES;
				CLANG_WARN_NON_LITERAL_NULL_CONVERSION = YES;
				CLANG_WARN_OBJC_IMPLICIT_RETAIN_SELF = YES;
				CLANG_WARN_OBJC_LITERAL_CONVERSION = YES;
				CLANG_WARN_OBJC_ROOT_CLASS = YES_ERROR;
				CLANG_WARN_QUOTED_INCLUDE_IN_FRAMEWORK_HEADER = YES;
				CLANG_WARN_RANGE_LOOP_ANALYSIS = YES;
				CLANG_WARN_STRICT_PROTOTYPES = YES;
				CLANG_WARN_SUSPICIOUS_MOVE = YES;
				CLANG_WARN_UNGUARDED_AVAILABILITY = YES_AGGRESSIVE;
				CLANG_WARN_UNREACHABLE_CODE = YES;
				CLANG_WARN__DUPLICATE_METHOD_MATCH = YES;
				CODE_SIGNING_ALLOWED = NO;
				CODE_SIGN_STYLE = Manual;
				COPY_PHASE_STRIP = NO;
				DEBUG_INFORMATION_FORMAT = "dwarf-with-dsym";
				DEVELOPMENT_TEAM = "";
				ENABLE_NS_ASSERTIONS = NO;
				ENABLE_STRICT_OBJC_MSGSEND = YES;
				GCC_C_LANGUAGE_STANDARD = gnu11;
				GCC_NO_COMMON_BLOCKS = YES;
				GCC_WARN_64_TO_32_BIT_CONVERSION = YES;
				GCC_WARN_ABOUT_RETURN_TYPE = YES_ERROR;
				GCC_WARN_UNDECLARED_SELECTOR = YES;
				GCC_WARN_UNINITIALIZED_AUTOS = YES_AGGRESSIVE;
				GCC_WARN_UNUSED_FUNCTION = YES;
				GCC_WARN_UNUSED_VARIABLE = YES;
				MACOSX_DEPLOYMENT_TARGET = 14.0;
				MTL_ENABLE_DEBUG_INFO = NO;
				MTL_FAST_MATH = YES;
				ONLY_ACTIVE_ARCH = YES;
				PRODUCT_NAME = "$(TARGET_NAME)";
				SDKROOT = macosx;
				SUPPORTED_PLATFORMS = macosx;
				SWIFT_COMPILATION_MODE = wholemodule;
				SWIFT_OPTIMIZATION_LEVEL = "-O";
				SWIFT_VERSION = 6.0;
			};
			name = Release;
		};
/* End XCBuildConfiguration section */

/* Begin XCConfigurationList section */
		642D089019BC05A712176A19 /* Build configuration list for PBXNativeTarget "mkdownEditorNative" */ = {
			isa = XCConfigurationList;
			buildConfigurations = (
				0A15BDABBA79C4394CE401A4 /* Debug */,
				6D409163466D0AABA12C6FBE /* Release */,
			);
			defaultConfigurationIsVisible = 0;
			defaultConfigurationName = Debug;
		};
		A7DCD4E58536DC5F4DB4B29D /* Build configuration list for PBXProject "mkdownEditorNative" */ = {
			isa = XCConfigurationList;
			buildConfigurations = (
				3D6718AA8A67080B762D002A /* Debug */,
				CE7BC9F2D5E3D649D72E8FF9 /* Release */,
			);
			defaultConfigurationIsVisible = 0;
			defaultConfigurationName = Debug;
		};
/* End XCConfigurationList section */
	};
	rootObject = ABB0DCD07047972550BC516A /* Project object */;
}
